
Microsoft Visual Studio Solution File, Format Version 12.00
# Visual Studio 15
VisualStudioVersion = 15.0.28307.1022
MinimumVisualStudioVersion = 10.0.40219.1
Project("{FAE04EC0-301F-11D3-BF4B-00C04F79EFBC}") = "KartOyunuödevdeneme2", "KartOyunuödevdeneme2\KartOyunuödevdeneme2.csproj", "{A56AED72-3633-4040-BF74-638C6240C0A2}"
EndProject
Global
	GlobalSection(SolutionConfigurationPlatforms) = preSolution
		Debug|Any CPU = Debug|Any CPU
		Release|Any CPU = Release|Any CPU
	EndGlobalSection
	GlobalSection(ProjectConfigurationPlatforms) = postSolution
		{A56AED72-3633-4040-BF74-638C6240C0A2}.Debug|Any CPU.ActiveCfg = Debug|Any CPU
		{A56AED72-3633-4040-BF74-638C6240C0A2}.Debug|Any CPU.Build.0 = Debug|Any CPU
		{A56AED72-3633-4040-BF74-638C6240C0A2}.Release|Any CPU.ActiveCfg = Release|Any CPU
		{A56AED72-3633-4040-BF74-638C6240C0A2}.Release|Any CPU.Build.0 = Release|Any CPU
	EndGlobalSection
	GlobalSection(SolutionProperties) = preSolution
		HideSolutionNode = FALSE
	EndGlobalSection
	GlobalSection(ExtensibilityGlobals) = postSolution
		SolutionGuid = {E4DF93C0-6020-475D-B297-E0543A21F6E0}
	EndGlobalSection
EndGlobal
